# THIS IS AN AUTOGENERATED FILE. DO NOT EDIT THIS FILE DIRECTLY.
# yarn lockfile v1


react-facebook-login-lite@^1.0.0:
  version "1.0.0"
  resolved "https://registry.yarnpkg.com/react-facebook-login-lite/-/react-facebook-login-lite-1.0.0.tgz#5f6f31c9a627013ae5828a57bb67f1276f363fa8"
  integrity sha512-80zkqOMYdrAAaRHbkmzcn76pbqp4zjhMW/VZC6tPe/vHJxTor1geVbUEE/JFJsSIZZHu5CQT3mKbPghJj3M2dw==

react-google-login-lite@^1.0.0:
  version "1.0.0"
  resolved "https://registry.yarnpkg.com/react-google-login-lite/-/react-google-login-lite-1.0.0.tgz#d05778ca18938ae61e275836e2d801d4034833c9"
  integrity sha512-JMmMvjJdrBeqy85DrEx9t0VWqT92tlSA2YzjkRjnDhWLkImCEon6c190g8nU6gvDQ2UjatkuuYv+8nnUxHRHTg==
